
Microsoft Visual Studio Solution File, Format Version 12.00
# Visual Studio Version 16
VisualStudioVersion = 16.0.29609.76
MinimumVisualStudioVersion = 10.0.40219.1
Project("{FAE04EC0-301F-11D3-BF4B-00C04F79EFBC}") = "DataSourceWebApi", "DataSourceWebApi\DataSourceWebApi.csproj", "{2A97F255-301C-4FDD-AA89-D50EFC9F0BD9}"
EndProject
Global
	GlobalSection(SolutionConfigurationPlatforms) = preSolution
		Debug|Any CPU = Debug|Any CPU
		Release|Any CPU = Release|Any CPU
	EndGlobalSection
	GlobalSection(ProjectConfigurationPlatforms) = postSolution
		{2A97F255-301C-4FDD-AA89-D50EFC9F0BD9}.Debug|Any CPU.ActiveCfg = Debug|Any CPU
		{2A97F255-301C-4FDD-AA89-D50EFC9F0BD9}.Debug|Any CPU.Build.0 = Debug|Any CPU
		{2A97F255-301C-4FDD-AA89-D50EFC9F0BD9}.Release|Any CPU.ActiveCfg = Release|Any CPU
		{2A97F255-301C-4FDD-AA89-D50EFC9F0BD9}.Release|Any CPU.Build.0 = Release|Any CPU
	EndGlobalSection
	GlobalSection(SolutionProperties) = preSolution
		HideSolutionNode = FALSE
	EndGlobalSection
	GlobalSection(ExtensibilityGlobals) = postSolution
		SolutionGuid = {27F7ABDC-D458-45A5-A739-2636294BC692}
	EndGlobalSection
EndGlobal
